
Microsoft Visual Studio Solution File, Format Version 12.00
# Visual Studio Version 18
VisualStudioVersion = 18.2.11415.280 d18.0
MinimumVisualStudioVersion = 10.0.40219.1
Project("{2150E333-8FDC-42A3-9474-1A3956D46DE8}") = "src", "src", "{827E0CD3-B72D-47B6-A68D-7590B98EB39B}"
EndProject
Project("{FAE04EC0-301F-11D3-BF4B-00C04F79EFBC}") = "SistemaGestao.Domain", "src\SistemaGestao.Domain\SistemaGestao.Domain.csproj", "{002470F4-75DE-40A5-8AEA-BC7F33766BB7}"
EndProject
Project("{FAE04EC0-301F-11D3-BF4B-00C04F79EFBC}") = "SistemaGestao.Application", "src\SistemaGestao.Application\SistemaGestao.Application.csproj", "{DE40CDE5-2736-42B0-A91E-21842CC60530}"
EndProject
Project("{FAE04EC0-301F-11D3-BF4B-00C04F79EFBC}") = "SistemaGestao.Infra.Data", "src\SistemaGestao.Infra.Data\SistemaGestao.Infra.Data.csproj", "{D294D04F-C8BC-4393-9064-0DF99B7F5948}"
EndProject
Project("{FAE04EC0-301F-11D3-BF4B-00C04F79EFBC}") = "SistemaGestao.API", "src\SistemaGestao.API\SistemaGestao.API.csproj", "{1D65A7C2-E3F4-40DE-B969-79ECF0F81C11}"
EndProject
Project("{FAE04EC0-301F-11D3-BF4B-00C04F79EFBC}") = "SistemaGestao.Web", "src\SistemaGestao.Web\SistemaGestao.Web.csproj", "{B397E6B8-915D-4B87-9216-860A65EE6BDA}"
EndProject
Project("{2150E333-8FDC-42A3-9474-1A3956D46DE8}") = "tests", "tests", "{0AB3BF05-4346-4AA6-1389-037BE0695223}"
EndProject
Project("{FAE04EC0-301F-11D3-BF4B-00C04F79EFBC}") = "SistemaGestao.Domain.Tests", "tests\SistemaGestao.Domain.Tests\SistemaGestao.Domain.Tests.csproj", "{3EB21FA5-10AF-416B-97CA-FD45EDE28A6D}"
EndProject
Project("{FAE04EC0-301F-11D3-BF4B-00C04F79EFBC}") = "SistemaGestao.Application.Tests", "tests\SistemaGestao.Application.Tests\SistemaGestao.Application.Tests.csproj", "{0CD0FC2D-ECA0-4585-9701-7E6A9353F217}"
EndProject
Project("{FAE04EC0-301F-11D3-BF4B-00C04F79EFBC}") = "SistemaGestao.API.IntegrationTests", "tests\SistemaGestao.API.IntegrationTests\SistemaGestao.API.IntegrationTests.csproj", "{3F444249-8B7E-4E22-8143-623114F5AB9F}"
EndProject
Global
	GlobalSection(SolutionConfigurationPlatforms) = preSolution
		Debug|Any CPU = Debug|Any CPU
		Debug|x64 = Debug|x64
		Debug|x86 = Debug|x86
		Release|Any CPU = Release|Any CPU
		Release|x64 = Release|x64
		Release|x86 = Release|x86
	EndGlobalSection
	GlobalSection(ProjectConfigurationPlatforms) = postSolution
		{002470F4-75DE-40A5-8AEA-BC7F33766BB7}.Debug|Any CPU.ActiveCfg = Debug|Any CPU
		{002470F4-75DE-40A5-8AEA-BC7F33766BB7}.Debug|Any CPU.Build.0 = Debug|Any CPU
		{002470F4-75DE-40A5-8AEA-BC7F33766BB7}.Debug|x64.ActiveCfg = Debug|Any CPU
		{002470F4-75DE-40A5-8AEA-BC7F33766BB7}.Debug|x64.Build.0 = Debug|Any CPU
		{002470F4-75DE-40A5-8AEA-BC7F33766BB7}.Debug|x86.ActiveCfg = Debug|Any CPU
		{002470F4-75DE-40A5-8AEA-BC7F33766BB7}.Debug|x86.Build.0 = Debug|Any CPU
		{002470F4-75DE-40A5-8AEA-BC7F33766BB7}.Release|Any CPU.ActiveCfg = Release|Any CPU
		{002470F4-75DE-40A5-8AEA-BC7F33766BB7}.Release|Any CPU.Build.0 = Release|Any CPU
		{002470F4-75DE-40A5-8AEA-BC7F33766BB7}.Release|x64.ActiveCfg = Release|Any CPU
		{002470F4-75DE-40A5-8AEA-BC7F33766BB7}.Release|x64.Build.0 = Release|Any CPU
		{002470F4-75DE-40A5-8AEA-BC7F33766BB7}.Release|x86.ActiveCfg = Release|Any CPU
		{002470F4-75DE-40A5-8AEA-BC7F33766BB7}.Release|x86.Build.0 = Release|Any CPU
		{DE40CDE5-2736-42B0-A91E-21842CC60530}.Debug|Any CPU.ActiveCfg = Debug|Any CPU
		{DE40CDE5-2736-42B0-A91E-21842CC60530}.Debug|Any CPU.Build.0 = Debug|Any CPU
		{DE40CDE5-2736-42B0-A91E-21842CC60530}.Debug|x64.ActiveCfg = Debug|Any CPU
		{DE40CDE5-2736-42B0-A91E-21842CC60530}.Debug|x64.Build.0 = Debug|Any CPU
		{DE40CDE5-2736-42B0-A91E-21842CC60530}.Debug|x86.ActiveCfg = Debug|Any CPU
		{DE40CDE5-2736-42B0-A91E-21842CC60530}.Debug|x86.Build.0 = Debug|Any CPU
		{DE40CDE5-2736-42B0-A91E-21842CC60530}.Release|Any CPU.ActiveCfg = Release|Any CPU
		{DE40CDE5-2736-42B0-A91E-21842CC60530}.Release|Any CPU.Build.0 = Release|Any CPU
		{DE40CDE5-2736-42B0-A91E-21842CC60530}.Release|x64.ActiveCfg = Release|Any CPU
		{DE40CDE5-2736-42B0-A91E-21842CC60530}.Release|x64.Build.0 = Release|Any CPU
		{DE40CDE5-2736-42B0-A91E-21842CC60530}.Release|x86.ActiveCfg = Release|Any CPU
		{DE40CDE5-2736-42B0-A91E-21842CC60530}.Release|x86.Build.0 = Release|Any CPU
		{D294D04F-C8BC-4393-9064-0DF99B7F5948}.Debug|Any CPU.ActiveCfg = Debug|Any CPU
		{D294D04F-C8BC-4393-9064-0DF99B7F5948}.Debug|Any CPU.Build.0 = Debug|Any CPU
		{D294D04F-C8BC-4393-9064-0DF99B7F5948}.Debug|x64.ActiveCfg = Debug|Any CPU
		{D294D04F-C8BC-4393-9064-0DF99B7F5948}.Debug|x64.Build.0 = Debug|Any CPU
		{D294D04F-C8BC-4393-9064-0DF99B7F5948}.Debug|x86.ActiveCfg = Debug|Any CPU
		{D294D04F-C8BC-4393-9064-0DF99B7F5948}.Debug|x86.Build.0 = Debug|Any CPU
		{D294D04F-C8BC-4393-9064-0DF99B7F5948}.Release|Any CPU.ActiveCfg = Release|Any CPU
		{D294D04F-C8BC-4393-9064-0DF99B7F5948}.Release|Any CPU.Build.0 = Release|Any CPU
		{D294D04F-C8BC-4393-9064-0DF99B7F5948}.Release|x64.ActiveCfg = Release|Any CPU
		{D294D04F-C8BC-4393-9064-0DF99B7F5948}.Release|x64.Build.0 = Release|Any CPU
		{D294D04F-C8BC-4393-9064-0DF99B7F5948}.Release|x86.ActiveCfg = Release|Any CPU
		{D294D04F-C8BC-4393-9064-0DF99B7F5948}.Release|x86.Build.0 = Release|Any CPU
		{1D65A7C2-E3F4-40DE-B969-79ECF0F81C11}.Debug|Any CPU.ActiveCfg = Debug|Any CPU
		{1D65A7C2-E3F4-40DE-B969-79ECF0F81C11}.Debug|Any CPU.Build.0 = Debug|Any CPU
		{1D65A7C2-E3F4-40DE-B969-79ECF0F81C11}.Debug|x64.ActiveCfg = Debug|Any CPU
		{1D65A7C2-E3F4-40DE-B969-79ECF0F81C11}.Debug|x64.Build.0 = Debug|Any CPU
		{1D65A7C2-E3F4-40DE-B969-79ECF0F81C11}.Debug|x86.ActiveCfg = Debug|Any CPU
		{1D65A7C2-E3F4-40DE-B969-79ECF0F81C11}.Debug|x86.Build.0 = Debug|Any CPU
		{1D65A7C2-E3F4-40DE-B969-79ECF0F81C11}.Release|Any CPU.ActiveCfg = Release|Any CPU
		{1D65A7C2-E3F4-40DE-B969-79ECF0F81C11}.Release|Any CPU.Build.0 = Release|Any CPU
		{1D65A7C2-E3F4-40DE-B969-79ECF0F81C11}.Release|x64.ActiveCfg = Release|Any CPU
		{1D65A7C2-E3F4-40DE-B969-79ECF0F81C11}.Release|x64.Build.0 = Release|Any CPU
		{1D65A7C2-E3F4-40DE-B969-79ECF0F81C11}.Release|x86.ActiveCfg = Release|Any CPU
		{1D65A7C2-E3F4-40DE-B969-79ECF0F81C11}.Release|x86.Build.0 = Release|Any CPU
		{B397E6B8-915D-4B87-9216-860A65EE6BDA}.Debug|Any CPU.ActiveCfg = Debug|Any CPU
		{B397E6B8-915D-4B87-9216-860A65EE6BDA}.Debug|Any CPU.Build.0 = Debug|Any CPU
		{B397E6B8-915D-4B87-9216-860A65EE6BDA}.Debug|x64.ActiveCfg = Debug|Any CPU
		{B397E6B8-915D-4B87-9216-860A65EE6BDA}.Debug|x64.Build.0 = Debug|Any CPU
		{B397E6B8-915D-4B87-9216-860A65EE6BDA}.Debug|x86.ActiveCfg = Debug|Any CPU
		{B397E6B8-915D-4B87-9216-860A65EE6BDA}.Debug|x86.Build.0 = Debug|Any CPU
		{B397E6B8-915D-4B87-9216-860A65EE6BDA}.Release|Any CPU.ActiveCfg = Release|Any CPU
		{B397E6B8-915D-4B87-9216-860A65EE6BDA}.Release|Any CPU.Build.0 = Release|Any CPU
		{B397E6B8-915D-4B87-9216-860A65EE6BDA}.Release|x64.ActiveCfg = Release|Any CPU
		{B397E6B8-915D-4B87-9216-860A65EE6BDA}.Release|x64.Build.0 = Release|Any CPU
		{B397E6B8-915D-4B87-9216-860A65EE6BDA}.Release|x86.ActiveCfg = Release|Any CPU
		{B397E6B8-915D-4B87-9216-860A65EE6BDA}.Release|x86.Build.0 = Release|Any CPU
		{3EB21FA5-10AF-416B-97CA-FD45EDE28A6D}.Debug|Any CPU.ActiveCfg = Debug|Any CPU
		{3EB21FA5-10AF-416B-97CA-FD45EDE28A6D}.Debug|Any CPU.Build.0 = Debug|Any CPU
		{3EB21FA5-10AF-416B-97CA-FD45EDE28A6D}.Debug|x64.ActiveCfg = Debug|Any CPU
		{3EB21FA5-10AF-416B-97CA-FD45EDE28A6D}.Debug|x64.Build.0 = Debug|Any CPU
		{3EB21FA5-10AF-416B-97CA-FD45EDE28A6D}.Debug|x86.ActiveCfg = Debug|Any CPU
		{3EB21FA5-10AF-416B-97CA-FD45EDE28A6D}.Debug|x86.Build.0 = Debug|Any CPU
		{3EB21FA5-10AF-416B-97CA-FD45EDE28A6D}.Release|Any CPU.ActiveCfg = Release|Any CPU
		{3EB21FA5-10AF-416B-97CA-FD45EDE28A6D}.Release|Any CPU.Build.0 = Release|Any CPU
		{3EB21FA5-10AF-416B-97CA-FD45EDE28A6D}.Release|x64.ActiveCfg = Release|Any CPU
		{3EB21FA5-10AF-416B-97CA-FD45EDE28A6D}.Release|x64.Build.0 = Release|Any CPU
		{3EB21FA5-10AF-416B-97CA-FD45EDE28A6D}.Release|x86.ActiveCfg = Release|Any CPU
		{3EB21FA5-10AF-416B-97CA-FD45EDE28A6D}.Release|x86.Build.0 = Release|Any CPU
		{0CD0FC2D-ECA0-4585-9701-7E6A9353F217}.Debug|Any CPU.ActiveCfg = Debug|Any CPU
		{0CD0FC2D-ECA0-4585-9701-7E6A9353F217}.Debug|Any CPU.Build.0 = Debug|Any CPU
		{0CD0FC2D-ECA0-4585-9701-7E6A9353F217}.Debug|x64.ActiveCfg = Debug|Any CPU
		{0CD0FC2D-ECA0-4585-9701-7E6A9353F217}.Debug|x64.Build.0 = Debug|Any CPU
		{0CD0FC2D-ECA0-4585-9701-7E6A9353F217}.Debug|x86.ActiveCfg = Debug|Any CPU
		{0CD0FC2D-ECA0-4585-9701-7E6A9353F217}.Debug|x86.Build.0 = Debug|Any CPU
		{0CD0FC2D-ECA0-4585-9701-7E6A9353F217}.Release|Any CPU.ActiveCfg = Release|Any CPU
		{0CD0FC2D-ECA0-4585-9701-7E6A9353F217}.Release|Any CPU.Build.0 = Release|Any CPU
		{0CD0FC2D-ECA0-4585-9701-7E6A9353F217}.Release|x64.ActiveCfg = Release|Any CPU
		{0CD0FC2D-ECA0-4585-9701-7E6A9353F217}.Release|x64.Build.0 = Release|Any CPU
		{0CD0FC2D-ECA0-4585-9701-7E6A9353F217}.Release|x86.ActiveCfg = Release|Any CPU
		{0CD0FC2D-ECA0-4585-9701-7E6A9353F217}.Release|x86.Build.0 = Release|Any CPU
		{3F444249-8B7E-4E22-8143-623114F5AB9F}.Debug|Any CPU.ActiveCfg = Debug|Any CPU
		{3F444249-8B7E-4E22-8143-623114F5AB9F}.Debug|Any CPU.Build.0 = Debug|Any CPU
		{3F444249-8B7E-4E22-8143-623114F5AB9F}.Debug|x64.ActiveCfg = Debug|Any CPU
		{3F444249-8B7E-4E22-8143-623114F5AB9F}.Debug|x64.Build.0 = Debug|Any CPU
		{3F444249-8B7E-4E22-8143-623114F5AB9F}.Debug|x86.ActiveCfg = Debug|Any CPU
		{3F444249-8B7E-4E22-8143-623114F5AB9F}.Debug|x86.Build.0 = Debug|Any CPU
		{3F444249-8B7E-4E22-8143-623114F5AB9F}.Release|Any CPU.ActiveCfg = Release|Any CPU
		{3F444249-8B7E-4E22-8143-623114F5AB9F}.Release|Any CPU.Build.0 = Release|Any CPU
		{3F444249-8B7E-4E22-8143-623114F5AB9F}.Release|x64.ActiveCfg = Release|Any CPU
		{3F444249-8B7E-4E22-8143-623114F5AB9F}.Release|x64.Build.0 = Release|Any CPU
		{3F444249-8B7E-4E22-8143-623114F5AB9F}.Release|x86.ActiveCfg = Release|Any CPU
		{3F444249-8B7E-4E22-8143-623114F5AB9F}.Release|x86.Build.0 = Release|Any CPU
	EndGlobalSection
	GlobalSection(SolutionProperties) = preSolution
		HideSolutionNode = FALSE
	EndGlobalSection
	GlobalSection(NestedProjects) = preSolution
		{002470F4-75DE-40A5-8AEA-BC7F33766BB7} = {827E0CD3-B72D-47B6-A68D-7590B98EB39B}
		{DE40CDE5-2736-42B0-A91E-21842CC60530} = {827E0CD3-B72D-47B6-A68D-7590B98EB39B}
		{D294D04F-C8BC-4393-9064-0DF99B7F5948} = {827E0CD3-B72D-47B6-A68D-7590B98EB39B}
		{1D65A7C2-E3F4-40DE-B969-79ECF0F81C11} = {827E0CD3-B72D-47B6-A68D-7590B98EB39B}
		{B397E6B8-915D-4B87-9216-860A65EE6BDA} = {827E0CD3-B72D-47B6-A68D-7590B98EB39B}
		{3EB21FA5-10AF-416B-97CA-FD45EDE28A6D} = {0AB3BF05-4346-4AA6-1389-037BE0695223}
		{0CD0FC2D-ECA0-4585-9701-7E6A9353F217} = {0AB3BF05-4346-4AA6-1389-037BE0695223}
		{3F444249-8B7E-4E22-8143-623114F5AB9F} = {0AB3BF05-4346-4AA6-1389-037BE0695223}
	EndGlobalSection
	GlobalSection(ExtensibilityGlobals) = postSolution
		SolutionGuid = {D8E2EE06-B002-4E47-9228-7C1A65331E43}
	EndGlobalSection
EndGlobal
